// !$*UTF8*$!
{
	archiveVersion = 1;
	classes = {
	};
	objectVersion = 46;
	objects = {

/* Begin PBXBuildFile section */
		246CDDD81E7A22AE00D0223C /* main.m in Sources */ = {isa = PBXBuildFile; fileRef = 246CDDD71E7A22AE00D0223C /* main.m */; };
		246CDDDB1E7A22AE00D0223C /* AppDelegate.m in Sources */ = {isa = PBXBuildFile; fileRef = 246CDDDA1E7A22AE00D0223C /* AppDelegate.m */; };
		246CDDDE1E7A22AE00D0223C /* ViewController.m in Sources */ = {isa = PBXBuildFile; fileRef = 246CDDDD1E7A22AE00D0223C /* ViewController.m */; };
		246CDDE11E7A22AE00D0223C /* Main.storyboard in Resources */ = {isa = PBXBuildFile; fileRef = 246CDDDF1E7A22AE00D0223C /* Main.storyboard */; };
		246CDDE31E7A22AE00D0223C /* Assets.xcassets in Resources */ = {isa = PBXBuildFile; fileRef = 246CDDE21E7A22AE00D0223C /* Assets.xcassets */; };
		246CDDE61E7A22AE00D0223C /* LaunchScreen.storyboard in Resources */ = {isa = PBXBuildFile; fileRef = 246CDDE41E7A22AE00D0223C /* LaunchScreen.storyboard */; };
		246CDDF01E7A294600D0223C /* GH_Annotation.m in Sources */ = {isa = PBXBuildFile; fileRef = 246CDDEF1E7A294600D0223C /* GH_Annotation.m */; };
		246CDDF61E7A38F500D0223C /* GH_MessageTableViewCell.m in Sources */ = {isa = PBXBuildFile; fileRef = 246CDDF51E7A38F500D0223C /* GH_MessageTableViewCell.m */; };
		246CDDF91E7A399800D0223C /* GHMessageTableViewCell.m in Sources */ = {isa = PBXBuildFile; fileRef = 246CDDF81E7A399800D0223C /* GHMessageTableViewCell.m */; };
		246CDDFC1E7A40B800D0223C /* NSString+GH_URLEncoding.m in Sources */ = {isa = PBXBuildFile; fileRef = 246CDDFB1E7A40B800D0223C /* NSString+GH_URLEncoding.m */; };
		246CDDFF1E7A40E600D0223C /* NSString+GHURLEncoding.m in Sources */ = {isa = PBXBuildFile; fileRef = 246CDDFE1E7A40E600D0223C /* NSString+GHURLEncoding.m */; };
/* End PBXBuildFile section */

/* Begin PBXFileReference section */
		246CDDD31E7A22AE00D0223C /* Code Standards.app */ = {isa = PBXFileReference; explicitFileType = wrapper.application; includeInIndex = 0; path = "Code Standards.app"; sourceTree = BUILT_PRODUCTS_DIR; };
		246CDDD71E7A22AE00D0223C /* main.m */ = {isa = PBXFileReference; lastKnownFileType = sourcecode.c.objc; path = main.m; sourceTree = "<group>"; };
		246CDDD91E7A22AE00D0223C /* AppDelegate.h */ = {isa = PBXFileReference; lastKnownFileType = sourcecode.c.h; path = AppDelegate.h; sourceTree = "<group>"; };
		246CDDDA1E7A22AE00D0223C /* AppDelegate.m */ = {isa = PBXFileReference; lastKnownFileType = sourcecode.c.objc; path = AppDelegate.m; sourceTree = "<group>"; };
		246CDDDC1E7A22AE00D0223C /* ViewController.h */ = {isa = PBXFileReference; lastKnownFileType = sourcecode.c.h; path = ViewController.h; sourceTree = "<group>"; };
		246CDDDD1E7A22AE00D0223C /* ViewController.m */ = {isa = PBXFileReference; lastKnownFileType = sourcecode.c.objc; path = ViewController.m; sourceTree = "<group>"; };
		246CDDE01E7A22AE00D0223C /* Base */ = {isa = PBXFileReference; lastKnownFileType = file.storyboard; name = Base; path = Base.lproj/Main.storyboard; sourceTree = "<group>"; };
		246CDDE21E7A22AE00D0223C /* Assets.xcassets */ = {isa = PBXFileReference; lastKnownFileType = folder.assetcatalog; path = Assets.xcassets; sourceTree = "<group>"; };
		246CDDE51E7A22AE00D0223C /* Base */ = {isa = PBXFileReference; lastKnownFileType = file.storyboard; name = Base; path = Base.lproj/LaunchScreen.storyboard; sourceTree = "<group>"; };
		246CDDE71E7A22AE00D0223C /* Info.plist */ = {isa = PBXFileReference; lastKnownFileType = text.plist.xml; path = Info.plist; sourceTree = "<group>"; };
		246CDDED1E7A234E00D0223C /* README.h */ = {isa = PBXFileReference; fileEncoding = 4; lastKnownFileType = sourcecode.c.h; path = README.h; sourceTree = "<group>"; };
		246CDDEE1E7A294600D0223C /* GH_Annotation.h */ = {isa = PBXFileReference; fileEncoding = 4; lastKnownFileType = sourcecode.c.h; path = GH_Annotation.h; sourceTree = "<group>"; };
		246CDDEF1E7A294600D0223C /* GH_Annotation.m */ = {isa = PBXFileReference; fileEncoding = 4; lastKnownFileType = sourcecode.c.objc; path = GH_Annotation.m; sourceTree = "<group>"; };
		246CDDF41E7A38F500D0223C /* GH_MessageTableViewCell.h */ = {isa = PBXFileReference; fileEncoding = 4; lastKnownFileType = sourcecode.c.h; path = GH_MessageTableViewCell.h; sourceTree = "<group>"; };
		246CDDF51E7A38F500D0223C /* GH_MessageTableViewCell.m */ = {isa = PBXFileReference; fileEncoding = 4; lastKnownFileType = sourcecode.c.objc; path = GH_MessageTableViewCell.m; sourceTree = "<group>"; };
		246CDDF71E7A399800D0223C /* GHMessageTableViewCell.h */ = {isa = PBXFileReference; fileEncoding = 4; lastKnownFileType = sourcecode.c.h; path = GHMessageTableViewCell.h; sourceTree = "<group>"; };
		246CDDF81E7A399800D0223C /* GHMessageTableViewCell.m */ = {isa = PBXFileReference; fileEncoding = 4; lastKnownFileType = sourcecode.c.objc; path = GHMessageTableViewCell.m; sourceTree = "<group>"; };
		246CDDFA1E7A40B800D0223C /* NSString+GH_URLEncoding.h */ = {isa = PBXFileReference; fileEncoding = 4; lastKnownFileType = sourcecode.c.h; path = "NSString+GH_URLEncoding.h"; sourceTree = "<group>"; };
		246CDDFB1E7A40B800D0223C /* NSString+GH_URLEncoding.m */ = {isa = PBXFileReference; fileEncoding = 4; lastKnownFileType = sourcecode.c.objc; path = "NSString+GH_URLEncoding.m"; sourceTree = "<group>"; };
		246CDDFD1E7A40E600D0223C /* NSString+GHURLEncoding.h */ = {isa = PBXFileReference; fileEncoding = 4; lastKnownFileType = sourcecode.c.h; path = "NSString+GHURLEncoding.h"; sourceTree = "<group>"; };
		246CDDFE1E7A40E600D0223C /* NSString+GHURLEncoding.m */ = {isa = PBXFileReference; fileEncoding = 4; lastKnownFileType = sourcecode.c.objc; path = "NSString+GHURLEncoding.m"; sourceTree = "<group>"; };
		246CDE021E7A423500D0223C /* GH_ShowViewDelegate.h */ = {isa = PBXFileReference; fileEncoding = 4; lastKnownFileType = sourcecode.c.h; path = GH_ShowViewDelegate.h; sourceTree = "<group>"; };
		246CDE031E7A425500D0223C /* GHShowViewDelegate.h */ = {isa = PBXFileReference; fileEncoding = 4; lastKnownFileType = sourcecode.c.h; path = GHShowViewDelegate.h; sourceTree = "<group>"; };
/* End PBXFileReference section */

/* Begin PBXFrameworksBuildPhase section */
		246CDDD01E7A22AE00D0223C /* Frameworks */ = {
			isa = PBXFrameworksBuildPhase;
			buildActionMask = 2147483647;
			files = (
			);
			runOnlyForDeploymentPostprocessing = 0;
		};
/* End PBXFrameworksBuildPhase section */

/* Begin PBXGroup section */
		246CDDCA1E7A22AE00D0223C = {
			isa = PBXGroup;
			children = (
				246CDDD51E7A22AE00D0223C /* Code Standards */,
				246CDDD41E7A22AE00D0223C /* Products */,
			);
			sourceTree = "<group>";
		};
		246CDDD41E7A22AE00D0223C /* Products */ = {
			isa = PBXGroup;
			children = (
				246CDDD31E7A22AE00D0223C /* Code Standards.app */,
			);
			name = Products;
			sourceTree = "<group>";
		};
		246CDDD51E7A22AE00D0223C /* Code Standards */ = {
			isa = PBXGroup;
			children = (
				246CDDED1E7A234E00D0223C /* README.h */,
				246CDDEE1E7A294600D0223C /* GH_Annotation.h */,
				246CDDEF1E7A294600D0223C /* GH_Annotation.m */,
				246CDE021E7A423500D0223C /* GH_ShowViewDelegate.h */,
				246CDE031E7A425500D0223C /* GHShowViewDelegate.h */,
				246CDDF41E7A38F500D0223C /* GH_MessageTableViewCell.h */,
				246CDDF51E7A38F500D0223C /* GH_MessageTableViewCell.m */,
				246CDDF71E7A399800D0223C /* GHMessageTableViewCell.h */,
				246CDDF81E7A399800D0223C /* GHMessageTableViewCell.m */,
				246CDDFD1E7A40E600D0223C /* NSString+GHURLEncoding.h */,
				246CDDFE1E7A40E600D0223C /* NSString+GHURLEncoding.m */,
				246CDDFA1E7A40B800D0223C /* NSString+GH_URLEncoding.h */,
				246CDDFB1E7A40B800D0223C /* NSString+GH_URLEncoding.m */,
				246CDDD91E7A22AE00D0223C /* AppDelegate.h */,
				246CDDDA1E7A22AE00D0223C /* AppDelegate.m */,
				246CDDDC1E7A22AE00D0223C /* ViewController.h */,
				246CDDDD1E7A22AE00D0223C /* ViewController.m */,
				246CDDDF1E7A22AE00D0223C /* Main.storyboard */,
				246CDDE21E7A22AE00D0223C /* Assets.xcassets */,
				246CDDE41E7A22AE00D0223C /* LaunchScreen.storyboard */,
				246CDDE71E7A22AE00D0223C /* Info.plist */,
				246CDDD61E7A22AE00D0223C /* Supporting Files */,
			);
			path = "Code Standards";
			sourceTree = "<group>";
		};
		246CDDD61E7A22AE00D0223C /* Supporting Files */ = {
			isa = PBXGroup;
			children = (
				246CDDD71E7A22AE00D0223C /* main.m */,
			);
			name = "Supporting Files";
			sourceTree = "<group>";
		};
/* End PBXGroup section */

/* Begin PBXNativeTarget section */
		246CDDD21E7A22AE00D0223C /* Code Standards */ = {
			isa = PBXNativeTarget;
			buildConfigurationList = 246CDDEA1E7A22AE00D0223C /* Build configuration list for PBXNativeTarget "Code Standards" */;
			buildPhases = (
				246CDDCF1E7A22AE00D0223C /* Sources */,
				246CDDD01E7A22AE00D0223C /* Frameworks */,
				246CDDD11E7A22AE00D0223C /* Resources */,
			);
			buildRules = (
			);
			dependencies = (
			);
			name = "Code Standards";
			productName = "Code Standards";
			productReference = 246CDDD31E7A22AE00D0223C /* Code Standards.app */;
			productType = "com.apple.product-type.application";
		};
/* End PBXNativeTarget section */

/* Begin PBXProject section */
		246CDDCB1E7A22AE00D0223C /* Project object */ = {
			isa = PBXProject;
			attributes = {
				CLASSPREFIX = GH;
				LastUpgradeCheck = 0820;
				ORGANIZATIONNAME = "宫赫";
				TargetAttributes = {
					246CDDD21E7A22AE00D0223C = {
						CreatedOnToolsVersion = 8.2.1;
						ProvisioningStyle = Automatic;
					};
				};
			};
			buildConfigurationList = 246CDDCE1E7A22AE00D0223C /* Build configuration list for PBXProject "Code Standards" */;
			compatibilityVersion = "Xcode 3.2";
			developmentRegion = English;
			hasScannedForEncodings = 0;
			knownRegions = (
				en,
				Base,
			);
			mainGroup = 246CDDCA1E7A22AE00D0223C;
			productRefGroup = 246CDDD41E7A22AE00D0223C /* Products */;
			projectDirPath = "";
			projectRoot = "";
			targets = (
				246CDDD21E7A22AE00D0223C /* Code Standards */,
			);
		};
/* End PBXProject section */

/* Begin PBXResourcesBuildPhase section */
		246CDDD11E7A22AE00D0223C /* Resources */ = {
			isa = PBXResourcesBuildPhase;
			buildActionMask = 2147483647;
			files = (
				246CDDE61E7A22AE00D0223C /* LaunchScreen.storyboard in Resources */,
				246CDDE31E7A22AE00D0223C /* Assets.xcassets in Resources */,
				246CDDE11E7A22AE00D0223C /* Main.storyboard in Resources */,
			);
			runOnlyForDeploymentPostprocessing = 0;
		};
/* End PBXResourcesBuildPhase section */

/* Begin PBXSourcesBuildPhase section */
		246CDDCF1E7A22AE00D0223C /* Sources */ = {
			isa = PBXSourcesBuildPhase;
			buildActionMask = 2147483647;
			files = (
				246CDDF91E7A399800D0223C /* GHMessageTableViewCell.m in Sources */,
				246CDDDE1E7A22AE00D0223C /* ViewController.m in Sources */,
				246CDDDB1E7A22AE00D0223C /* AppDelegate.m in Sources */,
				246CDDD81E7A22AE00D0223C /* main.m in Sources */,
				246CDDF61E7A38F500D0223C /* GH_MessageTableViewCell.m in Sources */,
				246CDDFC1E7A40B800D0223C /* NSString+GH_URLEncoding.m in Sources */,
				246CDDF01E7A294600D0223C /* GH_Annotation.m in Sources */,
				246CDDFF1E7A40E600D0223C /* NSString+GHURLEncoding.m in Sources */,
			);
			runOnlyForDeploymentPostprocessing = 0;
		};
/* End PBXSourcesBuildPhase section */

/* Begin PBXVariantGroup section */
		246CDDDF1E7A22AE00D0223C /* Main.storyboard */ = {
			isa = PBXVariantGroup;
			children = (
				246CDDE01E7A22AE00D0223C /* Base */,
			);
			name = Main.storyboard;
			sourceTree = "<group>";
		};
		246CDDE41E7A22AE00D0223C /* LaunchScreen.storyboard */ = {
			isa = PBXVariantGroup;
			children = (
				246CDDE51E7A22AE00D0223C /* Base */,
			);
			name = LaunchScreen.storyboard;
			sourceTree = "<group>";
		};
/* End PBXVariantGroup section */

/* Begin XCBuildConfiguration section */
		246CDDE81E7A22AE00D0223C /* Debug */ = {
			isa = XCBuildConfiguration;
			buildSettings = {
				ALWAYS_SEARCH_USER_PATHS = NO;
				CLANG_ANALYZER_NONNULL = YES;
				CLANG_CXX_LANGUAGE_STANDARD = "gnu++0x";
				CLANG_CXX_LIBRARY = "libc++";
				CLANG_ENABLE_MODULES = YES;
				CLANG_ENABLE_OBJC_ARC = YES;
				CLANG_WARN_BOOL_CONVERSION = YES;
				CLANG_WARN_CONSTANT_CONVERSION = YES;
				CLANG_WARN_DIRECT_OBJC_ISA_USAGE = YES_ERROR;
				CLANG_WARN_DOCUMENTATION_COMMENTS = YES;
				CLANG_WARN_EMPTY_BODY = YES;
				CLANG_WARN_ENUM_CONVERSION = YES;
				CLANG_WARN_INFINITE_RECURSION = YES;
				CLANG_WARN_INT_CONVERSION = YES;
				CLANG_WARN_OBJC_ROOT_CLASS = YES_ERROR;
				CLANG_WARN_SUSPICIOUS_MOVE = YES;
				CLANG_WARN_UNREACHABLE_CODE = YES;
				CLANG_WARN__DUPLICATE_METHOD_MATCH = YES;
				"CODE_SIGN_IDENTITY[sdk=iphoneos*]" = "iPhone Developer";
				COPY_PHASE_STRIP = NO;
				DEBUG_INFORMATION_FORMAT = dwarf;
				ENABLE_STRICT_OBJC_MSGSEND = YES;
				ENABLE_TESTABILITY = YES;
				GCC_C_LANGUAGE_STANDARD = gnu99;
				GCC_DYNAMIC_NO_PIC = NO;
				GCC_NO_COMMON_BLOCKS = YES;
				GCC_OPTIMIZATION_LEVEL = 0;
				GCC_PREPROCESSOR_DEFINITIONS = (
					"DEBUG=1",
					"$(inherited)",
				);
				GCC_WARN_64_TO_32_BIT_CONVERSION = YES;
				GCC_WARN_ABOUT_RETURN_TYPE = YES_ERROR;
				GCC_WARN_UNDECLARED_SELECTOR = YES;
				GCC_WARN_UNINITIALIZED_AUTOS = YES_AGGRESSIVE;
				GCC_WARN_UNUSED_FUNCTION = YES;
				GCC_WARN_UNUSED_VARIABLE = YES;
				IPHONEOS_DEPLOYMENT_TARGET = 10.2;
				MTL_ENABLE_DEBUG_INFO = YES;
				ONLY_ACTIVE_ARCH = YES;
				SDKROOT = iphoneos;
			};
			name = Debug;
		};
		246CDDE91E7A22AE00D0223C /* Release */ = {
			isa = XCBuildConfiguration;
			buildSettings = {
				ALWAYS_SEARCH_USER_PATHS = NO;
				CLANG_ANALYZER_NONNULL = YES;
				CLANG_CXX_LANGUAGE_STANDARD = "gnu++0x";
				CLANG_CXX_LIBRARY = "libc++";
				CLANG_ENABLE_MODULES = YES;
				CLANG_ENABLE_OBJC_ARC = YES;
				CLANG_WARN_BOOL_CONVERSION = YES;
				CLANG_WARN_CONSTANT_CONVERSION = YES;
				CLANG_WARN_DIRECT_OBJC_ISA_USAGE = YES_ERROR;
				CLANG_WARN_DOCUMENTATION_COMMENTS = YES;
				CLANG_WARN_EMPTY_BODY = YES;
				CLANG_WARN_ENUM_CONVERSION = YES;
				CLANG_WARN_INFINITE_RECURSION = YES;
				CLANG_WARN_INT_CONVERSION = YES;
				CLANG_WARN_OBJC_ROOT_CLASS = YES_ERROR;
				CLANG_WARN_SUSPICIOUS_MOVE = YES;
				CLANG_WARN_UNREACHABLE_CODE = YES;
				CLANG_WARN__DUPLICATE_METHOD_MATCH = YES;
				"CODE_SIGN_IDENTITY[sdk=iphoneos*]" = "iPhone Developer";
				COPY_PHASE_STRIP = NO;
				DEBUG_INFORMATION_FORMAT = "dwarf-with-dsym";
				ENABLE_NS_ASSERTIONS = NO;
				ENABLE_STRICT_OBJC_MSGSEND = YES;
				GCC_C_LANGUAGE_STANDARD = gnu99;
				GCC_NO_COMMON_BLOCKS = YES;
				GCC_WARN_64_TO_32_BIT_CONVERSION = YES;
				GCC_WARN_ABOUT_RETURN_TYPE = YES_ERROR;
				GCC_WARN_UNDECLARED_SELECTOR = YES;
				GCC_WARN_UNINITIALIZED_AUTOS = YES_AGGRESSIVE;
				GCC_WARN_UNUSED_FUNCTION = YES;
				GCC_WARN_UNUSED_VARIABLE = YES;
				IPHONEOS_DEPLOYMENT_TARGET = 10.2;
				MTL_ENABLE_DEBUG_INFO = NO;
				SDKROOT = iphoneos;
				VALIDATE_PRODUCT = YES;
			};
			name = Release;
		};
		246CDDEB1E7A22AE00D0223C /* Debug */ = {
			isa = XCBuildConfiguration;
			buildSettings = {
				ASSETCATALOG_COMPILER_APPICON_NAME = AppIcon;
				INFOPLIST_FILE = "Code Standards/Info.plist";
				LD_RUNPATH_SEARCH_PATHS = "$(inherited) @executable_path/Frameworks";
				PRODUCT_BUNDLE_IDENTIFIER = "com.-HXLZ-STAFfffF.app.Code-Standards";
				PRODUCT_NAME = "$(TARGET_NAME)";
			};
			name = Debug;
		};
		246CDDEC1E7A22AE00D0223C /* Release */ = {
			isa = XCBuildConfiguration;
			buildSettings = {
				ASSETCATALOG_COMPILER_APPICON_NAME = AppIcon;
				INFOPLIST_FILE = "Code Standards/Info.plist";
				LD_RUNPATH_SEARCH_PATHS = "$(inherited) @executable_path/Frameworks";
				PRODUCT_BUNDLE_IDENTIFIER = "com.-HXLZ-STAFfffF.app.Code-Standards";
				PRODUCT_NAME = "$(TARGET_NAME)";
			};
			name = Release;
		};
/* End XCBuildConfiguration section */

/* Begin XCConfigurationList section */
		246CDDCE1E7A22AE00D0223C /* Build configuration list for PBXProject "Code Standards" */ = {
			isa = XCConfigurationList;
			buildConfigurations = (
				246CDDE81E7A22AE00D0223C /* Debug */,
				246CDDE91E7A22AE00D0223C /* Release */,
			);
			defaultConfigurationIsVisible = 0;
			defaultConfigurationName = Release;
		};
		246CDDEA1E7A22AE00D0223C /* Build configuration list for PBXNativeTarget "Code Standards" */ = {
			isa = XCConfigurationList;
			buildConfigurations = (
				246CDDEB1E7A22AE00D0223C /* Debug */,
				246CDDEC1E7A22AE00D0223C /* Release */,
			);
			defaultConfigurationIsVisible = 0;
			defaultConfigurationName = Release;
		};
/* End XCConfigurationList section */
	};
	rootObject = 246CDDCB1E7A22AE00D0223C /* Project object */;
}
