// !$*UTF8*$!
{
	archiveVersion = 1;
	classes = {
	};
	objectVersion = 48;
	objects = {

/* Begin PBXBuildFile section */
		8803130F1FE11F920041465B /* CocoaAsyncSocket.framework in Frameworks */ = {isa = PBXBuildFile; fileRef = 8834CB2C1FE111370027D166 /* CocoaAsyncSocket.framework */; };
		880313101FE11F920041465B /* CocoaLumberjack.framework in Frameworks */ = {isa = PBXBuildFile; fileRef = 8834CB261FE111370027D166 /* CocoaLumberjack.framework */; };
		880313111FE11F920041465B /* KissXML.framework in Frameworks */ = {isa = PBXBuildFile; fileRef = 8834CB281FE111370027D166 /* KissXML.framework */; };
		880313131FE11F920041465B /* XMPPFramework.framework in Frameworks */ = {isa = PBXBuildFile; fileRef = 8834CB2B1FE111370027D166 /* XMPPFramework.framework */; };
		880313161FE127120041465B /* XMPPFrameworkSwift.framework in Frameworks */ = {isa = PBXBuildFile; fileRef = 8834CB271FE111370027D166 /* XMPPFrameworkSwift.framework */; };
		880313181FE203DB0041465B /* libxml2.tbd in Frameworks */ = {isa = PBXBuildFile; fileRef = 880313171FE203DB0041465B /* libxml2.tbd */; };
		8803131A1FE203EB0041465B /* libresolv.tbd in Frameworks */ = {isa = PBXBuildFile; fileRef = 880313191FE203EB0041465B /* libresolv.tbd */; };
		8803131F1FE205F30041465B /* libidn.framework in Frameworks */ = {isa = PBXBuildFile; fileRef = 8834CB2A1FE111370027D166 /* libidn.framework */; };
		8834CB0E1FE0040E0027D166 /* SnapKit.framework in Frameworks */ = {isa = PBXBuildFile; fileRef = 8834CB0D1FE0040E0027D166 /* SnapKit.framework */; };
		8834CB141FE006910027D166 /* Cartfile in Resources */ = {isa = PBXBuildFile; fileRef = 8834CB121FE006900027D166 /* Cartfile */; };
		8834CB151FE006910027D166 /* Cartfile.resolved in Resources */ = {isa = PBXBuildFile; fileRef = 8834CB131FE006900027D166 /* Cartfile.resolved */; };
		8834CB171FE0BBC20027D166 /* LCOtherTableVIewHeader.swift in Sources */ = {isa = PBXBuildFile; fileRef = 8834CB161FE0BBC20027D166 /* LCOtherTableVIewHeader.swift */; };
		8834CB191FE0BBE10027D166 /* LCOtherTableVIewFooterView.swift in Sources */ = {isa = PBXBuildFile; fileRef = 8834CB181FE0BBE10027D166 /* LCOtherTableVIewFooterView.swift */; };
		8834CB1E1FE0C64C0027D166 /* HeadFile.swift in Sources */ = {isa = PBXBuildFile; fileRef = 8834CB1D1FE0C64C0027D166 /* HeadFile.swift */; };
		8834CB211FE0CA070027D166 /* Macros.swift in Sources */ = {isa = PBXBuildFile; fileRef = 8834CB201FE0CA070027D166 /* Macros.swift */; };
		884C37D91FDEAA88001EDAE1 /* AppDelegate.swift in Sources */ = {isa = PBXBuildFile; fileRef = 884C37D81FDEAA88001EDAE1 /* AppDelegate.swift */; };
		884C37DE1FDEAA88001EDAE1 /* Main.storyboard in Resources */ = {isa = PBXBuildFile; fileRef = 884C37DC1FDEAA88001EDAE1 /* Main.storyboard */; };
		884C37E11FDEAA88001EDAE1 /* NewMLCubeIOS.xcdatamodeld in Sources */ = {isa = PBXBuildFile; fileRef = 884C37DF1FDEAA88001EDAE1 /* NewMLCubeIOS.xcdatamodeld */; };
		884C37E31FDEAA88001EDAE1 /* Assets.xcassets in Resources */ = {isa = PBXBuildFile; fileRef = 884C37E21FDEAA88001EDAE1 /* Assets.xcassets */; };
		884C37E61FDEAA88001EDAE1 /* LaunchScreen.storyboard in Resources */ = {isa = PBXBuildFile; fileRef = 884C37E41FDEAA88001EDAE1 /* LaunchScreen.storyboard */; };
		884C37F11FDEAA88001EDAE1 /* NewMLCubeIOSTests.swift in Sources */ = {isa = PBXBuildFile; fileRef = 884C37F01FDEAA88001EDAE1 /* NewMLCubeIOSTests.swift */; };
		884C37FC1FDEAA88001EDAE1 /* NewMLCubeIOSUITests.swift in Sources */ = {isa = PBXBuildFile; fileRef = 884C37FB1FDEAA88001EDAE1 /* NewMLCubeIOSUITests.swift */; };
		884C38161FDEB7BB001EDAE1 /* LCTabBarController.swift in Sources */ = {isa = PBXBuildFile; fileRef = 884C38151FDEB7BB001EDAE1 /* LCTabBarController.swift */; };
		884C38191FDEB870001EDAE1 /* LCViewController.swift in Sources */ = {isa = PBXBuildFile; fileRef = 884C38181FDEB870001EDAE1 /* LCViewController.swift */; };
		884C381B1FDEB915001EDAE1 /* LCNavigationController.swift in Sources */ = {isa = PBXBuildFile; fileRef = 884C381A1FDEB915001EDAE1 /* LCNavigationController.swift */; };
		884C381D1FDEB9C6001EDAE1 /* LCDeviceViewController.swift in Sources */ = {isa = PBXBuildFile; fileRef = 884C381C1FDEB9C6001EDAE1 /* LCDeviceViewController.swift */; };
		884C38201FDEBC33001EDAE1 /* LCOtherViewController.swift in Sources */ = {isa = PBXBuildFile; fileRef = 884C381F1FDEBC33001EDAE1 /* LCOtherViewController.swift */; };
		884C38221FDEC391001EDAE1 /* LCQuitViewController.swift in Sources */ = {isa = PBXBuildFile; fileRef = 884C38211FDEC391001EDAE1 /* LCQuitViewController.swift */; };
		8850F16B1FDFF27200F2847A /* LCOtherTableViewCell.swift in Sources */ = {isa = PBXBuildFile; fileRef = 8850F16A1FDFF27200F2847A /* LCOtherTableViewCell.swift */; };
/* End PBXBuildFile section */

/* Begin PBXContainerItemProxy section */
		884C37ED1FDEAA88001EDAE1 /* PBXContainerItemProxy */ = {
			isa = PBXContainerItemProxy;
			containerPortal = 884C37CD1FDEAA88001EDAE1 /* Project object */;
			proxyType = 1;
			remoteGlobalIDString = 884C37D41FDEAA88001EDAE1;
			remoteInfo = NewMLCubeIOS;
		};
		884C37F81FDEAA88001EDAE1 /* PBXContainerItemProxy */ = {
			isa = PBXContainerItemProxy;
			containerPortal = 884C37CD1FDEAA88001EDAE1 /* Project object */;
			proxyType = 1;
			remoteGlobalIDString = 884C37D41FDEAA88001EDAE1;
			remoteInfo = NewMLCubeIOS;
		};
/* End PBXContainerItemProxy section */

/* Begin PBXFileReference section */
		880313171FE203DB0041465B /* libxml2.tbd */ = {isa = PBXFileReference; lastKnownFileType = "sourcecode.text-based-dylib-definition"; name = libxml2.tbd; path = usr/lib/libxml2.tbd; sourceTree = SDKROOT; };
		880313191FE203EB0041465B /* libresolv.tbd */ = {isa = PBXFileReference; lastKnownFileType = "sourcecode.text-based-dylib-definition"; name = libresolv.tbd; path = usr/lib/libresolv.tbd; sourceTree = SDKROOT; };
		8834CB0D1FE0040E0027D166 /* SnapKit.framework */ = {isa = PBXFileReference; lastKnownFileType = wrapper.framework; name = SnapKit.framework; path = Carthage/Build/iOS/SnapKit.framework; sourceTree = "<group>"; };
		8834CB121FE006900027D166 /* Cartfile */ = {isa = PBXFileReference; fileEncoding = 4; lastKnownFileType = text; path = Cartfile; sourceTree = "<group>"; };
		8834CB131FE006900027D166 /* Cartfile.resolved */ = {isa = PBXFileReference; fileEncoding = 4; lastKnownFileType = text; path = Cartfile.resolved; sourceTree = "<group>"; };
		8834CB161FE0BBC20027D166 /* LCOtherTableVIewHeader.swift */ = {isa = PBXFileReference; lastKnownFileType = sourcecode.swift; path = LCOtherTableVIewHeader.swift; sourceTree = "<group>"; };
		8834CB181FE0BBE10027D166 /* LCOtherTableVIewFooterView.swift */ = {isa = PBXFileReference; lastKnownFileType = sourcecode.swift; path = LCOtherTableVIewFooterView.swift; sourceTree = "<group>"; };
		8834CB1D1FE0C64C0027D166 /* HeadFile.swift */ = {isa = PBXFileReference; lastKnownFileType = sourcecode.swift; path = HeadFile.swift; sourceTree = "<group>"; };
		8834CB201FE0CA070027D166 /* Macros.swift */ = {isa = PBXFileReference; lastKnownFileType = sourcecode.swift; path = Macros.swift; sourceTree = "<group>"; };
		8834CB261FE111370027D166 /* CocoaLumberjack.framework */ = {isa = PBXFileReference; lastKnownFileType = wrapper.framework; name = CocoaLumberjack.framework; path = Carthage/Build/iOS/CocoaLumberjack.framework; sourceTree = "<group>"; };
		8834CB271FE111370027D166 /* XMPPFrameworkSwift.framework */ = {isa = PBXFileReference; lastKnownFileType = wrapper.framework; name = XMPPFrameworkSwift.framework; path = Carthage/Build/iOS/XMPPFrameworkSwift.framework; sourceTree = "<group>"; };
		8834CB281FE111370027D166 /* KissXML.framework */ = {isa = PBXFileReference; lastKnownFileType = wrapper.framework; name = KissXML.framework; path = Carthage/Build/iOS/KissXML.framework; sourceTree = "<group>"; };
		8834CB291FE111370027D166 /* CocoaLumberjackSwift.framework */ = {isa = PBXFileReference; lastKnownFileType = wrapper.framework; name = CocoaLumberjackSwift.framework; path = Carthage/Build/iOS/CocoaLumberjackSwift.framework; sourceTree = "<group>"; };
		8834CB2A1FE111370027D166 /* libidn.framework */ = {isa = PBXFileReference; lastKnownFileType = wrapper.framework; name = libidn.framework; path = Carthage/Build/iOS/libidn.framework; sourceTree = "<group>"; };
		8834CB2B1FE111370027D166 /* XMPPFramework.framework */ = {isa = PBXFileReference; lastKnownFileType = wrapper.framework; name = XMPPFramework.framework; path = Carthage/Build/iOS/XMPPFramework.framework; sourceTree = "<group>"; };
		8834CB2C1FE111370027D166 /* CocoaAsyncSocket.framework */ = {isa = PBXFileReference; lastKnownFileType = wrapper.framework; name = CocoaAsyncSocket.framework; path = Carthage/Build/iOS/CocoaAsyncSocket.framework; sourceTree = "<group>"; };
		884C37D51FDEAA88001EDAE1 /* NewMLCubeIOS.app */ = {isa = PBXFileReference; explicitFileType = wrapper.application; includeInIndex = 0; path = NewMLCubeIOS.app; sourceTree = BUILT_PRODUCTS_DIR; };
		884C37D81FDEAA88001EDAE1 /* AppDelegate.swift */ = {isa = PBXFileReference; lastKnownFileType = sourcecode.swift; path = AppDelegate.swift; sourceTree = "<group>"; };
		884C37DD1FDEAA88001EDAE1 /* Base */ = {isa = PBXFileReference; lastKnownFileType = file.storyboard; name = Base; path = Base.lproj/Main.storyboard; sourceTree = "<group>"; };
		884C37E01FDEAA88001EDAE1 /* NewMLCubeIOS.xcdatamodel */ = {isa = PBXFileReference; lastKnownFileType = wrapper.xcdatamodel; path = NewMLCubeIOS.xcdatamodel; sourceTree = "<group>"; };
		884C37E21FDEAA88001EDAE1 /* Assets.xcassets */ = {isa = PBXFileReference; lastKnownFileType = folder.assetcatalog; path = Assets.xcassets; sourceTree = "<group>"; };
		884C37E51FDEAA88001EDAE1 /* Base */ = {isa = PBXFileReference; lastKnownFileType = file.storyboard; name = Base; path = Base.lproj/LaunchScreen.storyboard; sourceTree = "<group>"; };
		884C37E71FDEAA88001EDAE1 /* Info.plist */ = {isa = PBXFileReference; lastKnownFileType = text.plist.xml; path = Info.plist; sourceTree = "<group>"; };
		884C37EC1FDEAA88001EDAE1 /* NewMLCubeIOSTests.xctest */ = {isa = PBXFileReference; explicitFileType = wrapper.cfbundle; includeInIndex = 0; path = NewMLCubeIOSTests.xctest; sourceTree = BUILT_PRODUCTS_DIR; };
		884C37F01FDEAA88001EDAE1 /* NewMLCubeIOSTests.swift */ = {isa = PBXFileReference; lastKnownFileType = sourcecode.swift; path = NewMLCubeIOSTests.swift; sourceTree = "<group>"; };
		884C37F21FDEAA88001EDAE1 /* Info.plist */ = {isa = PBXFileReference; lastKnownFileType = text.plist.xml; path = Info.plist; sourceTree = "<group>"; };
		884C37F71FDEAA88001EDAE1 /* NewMLCubeIOSUITests.xctest */ = {isa = PBXFileReference; explicitFileType = wrapper.cfbundle; includeInIndex = 0; path = NewMLCubeIOSUITests.xctest; sourceTree = BUILT_PRODUCTS_DIR; };
		884C37FB1FDEAA88001EDAE1 /* NewMLCubeIOSUITests.swift */ = {isa = PBXFileReference; lastKnownFileType = sourcecode.swift; path = NewMLCubeIOSUITests.swift; sourceTree = "<group>"; };
		884C37FD1FDEAA88001EDAE1 /* Info.plist */ = {isa = PBXFileReference; lastKnownFileType = text.plist.xml; path = Info.plist; sourceTree = "<group>"; };
		884C38151FDEB7BB001EDAE1 /* LCTabBarController.swift */ = {isa = PBXFileReference; lastKnownFileType = sourcecode.swift; path = LCTabBarController.swift; sourceTree = "<group>"; };
		884C38181FDEB870001EDAE1 /* LCViewController.swift */ = {isa = PBXFileReference; lastKnownFileType = sourcecode.swift; path = LCViewController.swift; sourceTree = "<group>"; };
		884C381A1FDEB915001EDAE1 /* LCNavigationController.swift */ = {isa = PBXFileReference; lastKnownFileType = sourcecode.swift; path = LCNavigationController.swift; sourceTree = "<group>"; };
		884C381C1FDEB9C6001EDAE1 /* LCDeviceViewController.swift */ = {isa = PBXFileReference; lastKnownFileType = sourcecode.swift; name = LCDeviceViewController.swift; path = NewMLCubeIOS/Device/Controller/LCDeviceViewController.swift; sourceTree = SOURCE_ROOT; };
		884C381F1FDEBC33001EDAE1 /* LCOtherViewController.swift */ = {isa = PBXFileReference; lastKnownFileType = sourcecode.swift; path = LCOtherViewController.swift; sourceTree = "<group>"; };
		884C38211FDEC391001EDAE1 /* LCQuitViewController.swift */ = {isa = PBXFileReference; lastKnownFileType = sourcecode.swift; path = LCQuitViewController.swift; sourceTree = "<group>"; };
		8850F16A1FDFF27200F2847A /* LCOtherTableViewCell.swift */ = {isa = PBXFileReference; lastKnownFileType = sourcecode.swift; path = LCOtherTableViewCell.swift; sourceTree = "<group>"; };
/* End PBXFileReference section */

/* Begin PBXFrameworksBuildPhase section */
		884C37D21FDEAA88001EDAE1 /* Frameworks */ = {
			isa = PBXFrameworksBuildPhase;
			buildActionMask = 2147483647;
			files = (
				8803131F1FE205F30041465B /* libidn.framework in Frameworks */,
				8803131A1FE203EB0041465B /* libresolv.tbd in Frameworks */,
				880313181FE203DB0041465B /* libxml2.tbd in Frameworks */,
				880313161FE127120041465B /* XMPPFrameworkSwift.framework in Frameworks */,
				8803130F1FE11F920041465B /* CocoaAsyncSocket.framework in Frameworks */,
				880313101FE11F920041465B /* CocoaLumberjack.framework in Frameworks */,
				880313111FE11F920041465B /* KissXML.framework in Frameworks */,
				8834CB0E1FE0040E0027D166 /* SnapKit.framework in Frameworks */,
				880313131FE11F920041465B /* XMPPFramework.framework in Frameworks */,
			);
			runOnlyForDeploymentPostprocessing = 0;
		};
		884C37E91FDEAA88001EDAE1 /* Frameworks */ = {
			isa = PBXFrameworksBuildPhase;
			buildActionMask = 2147483647;
			files = (
			);
			runOnlyForDeploymentPostprocessing = 0;
		};
		884C37F41FDEAA88001EDAE1 /* Frameworks */ = {
			isa = PBXFrameworksBuildPhase;
			buildActionMask = 2147483647;
			files = (
			);
			runOnlyForDeploymentPostprocessing = 0;
		};
/* End PBXFrameworksBuildPhase section */

/* Begin PBXGroup section */
		8834CB0C1FE0040E0027D166 /* Frameworks */ = {
			isa = PBXGroup;
			children = (
				880313191FE203EB0041465B /* libresolv.tbd */,
				880313171FE203DB0041465B /* libxml2.tbd */,
				8834CB2C1FE111370027D166 /* CocoaAsyncSocket.framework */,
				8834CB261FE111370027D166 /* CocoaLumberjack.framework */,
				8834CB291FE111370027D166 /* CocoaLumberjackSwift.framework */,
				8834CB281FE111370027D166 /* KissXML.framework */,
				8834CB2A1FE111370027D166 /* libidn.framework */,
				8834CB2B1FE111370027D166 /* XMPPFramework.framework */,
				8834CB271FE111370027D166 /* XMPPFrameworkSwift.framework */,
				8834CB0D1FE0040E0027D166 /* SnapKit.framework */,
			);
			name = Frameworks;
			sourceTree = "<group>";
		};
		8834CB111FE0067B0027D166 /* Carthage */ = {
			isa = PBXGroup;
			children = (
				8834CB121FE006900027D166 /* Cartfile */,
				8834CB131FE006900027D166 /* Cartfile.resolved */,
			);
			name = Carthage;
			sourceTree = "<group>";
		};
		8834CB1F1FE0C9CE0027D166 /* Const */ = {
			isa = PBXGroup;
			children = (
				8834CB1D1FE0C64C0027D166 /* HeadFile.swift */,
				8834CB201FE0CA070027D166 /* Macros.swift */,
			);
			path = Const;
			sourceTree = "<group>";
		};
		883D88761FDF69FD00458814 /* Controller */ = {
			isa = PBXGroup;
			children = (
				884C381F1FDEBC33001EDAE1 /* LCOtherViewController.swift */,
			);
			path = Controller;
			sourceTree = "<group>";
		};
		884C37CC1FDEAA88001EDAE1 = {
			isa = PBXGroup;
			children = (
				8834CB111FE0067B0027D166 /* Carthage */,
				884C37D71FDEAA88001EDAE1 /* NewMLCubeIOS */,
				884C37EF1FDEAA88001EDAE1 /* NewMLCubeIOSTests */,
				884C37FA1FDEAA88001EDAE1 /* NewMLCubeIOSUITests */,
				884C37D61FDEAA88001EDAE1 /* Products */,
				8834CB0C1FE0040E0027D166 /* Frameworks */,
			);
			sourceTree = "<group>";
		};
		884C37D61FDEAA88001EDAE1 /* Products */ = {
			isa = PBXGroup;
			children = (
				884C37D51FDEAA88001EDAE1 /* NewMLCubeIOS.app */,
				884C37EC1FDEAA88001EDAE1 /* NewMLCubeIOSTests.xctest */,
				884C37F71FDEAA88001EDAE1 /* NewMLCubeIOSUITests.xctest */,
			);
			name = Products;
			sourceTree = "<group>";
		};
		884C37D71FDEAA88001EDAE1 /* NewMLCubeIOS */ = {
			isa = PBXGroup;
			children = (
				884C380C1FDEB219001EDAE1 /* Config */,
				884C38111FDEB306001EDAE1 /* Vender */,
				884C38121FDEB515001EDAE1 /* General */,
				884C38131FDEB531001EDAE1 /* Expand */,
				884C380E1FDEB293001EDAE1 /* Resource */,
				884C380D1FDEB23F001EDAE1 /* ApplicationMain */,
				884C380B1FDEB14F001EDAE1 /* Device */,
				884C380A1FDEB14B001EDAE1 /* Other */,
				884C38091FDEB144001EDAE1 /* Quit */,
			);
			path = NewMLCubeIOS;
			sourceTree = "<group>";
		};
		884C37EF1FDEAA88001EDAE1 /* NewMLCubeIOSTests */ = {
			isa = PBXGroup;
			children = (
				884C37F01FDEAA88001EDAE1 /* NewMLCubeIOSTests.swift */,
				884C37F21FDEAA88001EDAE1 /* Info.plist */,
			);
			path = NewMLCubeIOSTests;
			sourceTree = "<group>";
		};
		884C37FA1FDEAA88001EDAE1 /* NewMLCubeIOSUITests */ = {
			isa = PBXGroup;
			children = (
				884C37FB1FDEAA88001EDAE1 /* NewMLCubeIOSUITests.swift */,
				884C37FD1FDEAA88001EDAE1 /* Info.plist */,
			);
			path = NewMLCubeIOSUITests;
			sourceTree = "<group>";
		};
		884C38091FDEB144001EDAE1 /* Quit */ = {
			isa = PBXGroup;
			children = (
				884C38211FDEC391001EDAE1 /* LCQuitViewController.swift */,
			);
			path = Quit;
			sourceTree = "<group>";
		};
		884C380A1FDEB14B001EDAE1 /* Other */ = {
			isa = PBXGroup;
			children = (
				8850F1691FDFF25B00F2847A /* View */,
				883D88761FDF69FD00458814 /* Controller */,
			);
			path = Other;
			sourceTree = "<group>";
		};
		884C380B1FDEB14F001EDAE1 /* Device */ = {
			isa = PBXGroup;
			children = (
				884C38231FDEDE16001EDAE1 /* Controller */,
			);
			path = Device;
			sourceTree = "<group>";
		};
		884C380C1FDEB219001EDAE1 /* Config */ = {
			isa = PBXGroup;
			children = (
				884C37E71FDEAA88001EDAE1 /* Info.plist */,
				884C37DF1FDEAA88001EDAE1 /* NewMLCubeIOS.xcdatamodeld */,
			);
			path = Config;
			sourceTree = "<group>";
		};
		884C380D1FDEB23F001EDAE1 /* ApplicationMain */ = {
			isa = PBXGroup;
			children = (
				884C37D81FDEAA88001EDAE1 /* AppDelegate.swift */,
			);
			path = ApplicationMain;
			sourceTree = "<group>";
		};
		884C380E1FDEB293001EDAE1 /* Resource */ = {
			isa = PBXGroup;
			children = (
				884C38101FDEB2B5001EDAE1 /* Image */,
				884C380F1FDEB2B3001EDAE1 /* Storyboard */,
			);
			path = Resource;
			sourceTree = "<group>";
		};
		884C380F1FDEB2B3001EDAE1 /* Storyboard */ = {
			isa = PBXGroup;
			children = (
				884C37DC1FDEAA88001EDAE1 /* Main.storyboard */,
				884C37E41FDEAA88001EDAE1 /* LaunchScreen.storyboard */,
			);
			path = Storyboard;
			sourceTree = "<group>";
		};
		884C38101FDEB2B5001EDAE1 /* Image */ = {
			isa = PBXGroup;
			children = (
				884C37E21FDEAA88001EDAE1 /* Assets.xcassets */,
			);
			path = Image;
			sourceTree = "<group>";
		};
		884C38111FDEB306001EDAE1 /* Vender */ = {
			isa = PBXGroup;
			children = (
			);
			path = Vender;
			sourceTree = "<group>";
		};
		884C38121FDEB515001EDAE1 /* General */ = {
			isa = PBXGroup;
			children = (
				884C38141FDEB61E001EDAE1 /* BaseClass */,
			);
			path = General;
			sourceTree = "<group>";
		};
		884C38131FDEB531001EDAE1 /* Expand */ = {
			isa = PBXGroup;
			children = (
				8834CB1F1FE0C9CE0027D166 /* Const */,
			);
			path = Expand;
			sourceTree = "<group>";
		};
		884C38141FDEB61E001EDAE1 /* BaseClass */ = {
			isa = PBXGroup;
			children = (
				884C38151FDEB7BB001EDAE1 /* LCTabBarController.swift */,
				884C38181FDEB870001EDAE1 /* LCViewController.swift */,
				884C381A1FDEB915001EDAE1 /* LCNavigationController.swift */,
			);
			path = BaseClass;
			sourceTree = "<group>";
		};
		884C38231FDEDE16001EDAE1 /* Controller */ = {
			isa = PBXGroup;
			children = (
				884C381C1FDEB9C6001EDAE1 /* LCDeviceViewController.swift */,
			);
			path = Controller;
			sourceTree = "<group>";
		};
		8850F1691FDFF25B00F2847A /* View */ = {
			isa = PBXGroup;
			children = (
				8850F16A1FDFF27200F2847A /* LCOtherTableViewCell.swift */,
				8834CB161FE0BBC20027D166 /* LCOtherTableVIewHeader.swift */,
				8834CB181FE0BBE10027D166 /* LCOtherTableVIewFooterView.swift */,
			);
			path = View;
			sourceTree = "<group>";
		};
/* End PBXGroup section */

/* Begin PBXNativeTarget section */
		884C37D41FDEAA88001EDAE1 /* NewMLCubeIOS */ = {
			isa = PBXNativeTarget;
			buildConfigurationList = 884C38001FDEAA88001EDAE1 /* Build configuration list for PBXNativeTarget "NewMLCubeIOS" */;
			buildPhases = (
				884C37D11FDEAA88001EDAE1 /* Sources */,
				884C37D21FDEAA88001EDAE1 /* Frameworks */,
				884C37D31FDEAA88001EDAE1 /* Resources */,
				8834CB0F1FE0043C0027D166 /* Run Script Carthage */,
			);
			buildRules = (
			);
			dependencies = (
			);
			name = NewMLCubeIOS;
			productName = NewMLCubeIOS;
			productReference = 884C37D51FDEAA88001EDAE1 /* NewMLCubeIOS.app */;
			productType = "com.apple.product-type.application";
		};
		884C37EB1FDEAA88001EDAE1 /* NewMLCubeIOSTests */ = {
			isa = PBXNativeTarget;
			buildConfigurationList = 884C38031FDEAA88001EDAE1 /* Build configuration list for PBXNativeTarget "NewMLCubeIOSTests" */;
			buildPhases = (
				884C37E81FDEAA88001EDAE1 /* Sources */,
				884C37E91FDEAA88001EDAE1 /* Frameworks */,
				884C37EA1FDEAA88001EDAE1 /* Resources */,
			);
			buildRules = (
			);
			dependencies = (
				884C37EE1FDEAA88001EDAE1 /* PBXTargetDependency */,
			);
			name = NewMLCubeIOSTests;
			productName = NewMLCubeIOSTests;
			productReference = 884C37EC1FDEAA88001EDAE1 /* NewMLCubeIOSTests.xctest */;
			productType = "com.apple.product-type.bundle.unit-test";
		};
		884C37F61FDEAA88001EDAE1 /* NewMLCubeIOSUITests */ = {
			isa = PBXNativeTarget;
			buildConfigurationList = 884C38061FDEAA88001EDAE1 /* Build configuration list for PBXNativeTarget "NewMLCubeIOSUITests" */;
			buildPhases = (
				884C37F31FDEAA88001EDAE1 /* Sources */,
				884C37F41FDEAA88001EDAE1 /* Frameworks */,
				884C37F51FDEAA88001EDAE1 /* Resources */,
			);
			buildRules = (
			);
			dependencies = (
				884C37F91FDEAA88001EDAE1 /* PBXTargetDependency */,
			);
			name = NewMLCubeIOSUITests;
			productName = NewMLCubeIOSUITests;
			productReference = 884C37F71FDEAA88001EDAE1 /* NewMLCubeIOSUITests.xctest */;
			productType = "com.apple.product-type.bundle.ui-testing";
		};
/* End PBXNativeTarget section */

/* Begin PBXProject section */
		884C37CD1FDEAA88001EDAE1 /* Project object */ = {
			isa = PBXProject;
			attributes = {
				LastSwiftUpdateCheck = 0910;
				LastUpgradeCheck = 0910;
				ORGANIZATIONNAME = "宫赫";
				TargetAttributes = {
					884C37D41FDEAA88001EDAE1 = {
						CreatedOnToolsVersion = 9.1;
						ProvisioningStyle = Automatic;
					};
					884C37EB1FDEAA88001EDAE1 = {
						CreatedOnToolsVersion = 9.1;
						ProvisioningStyle = Automatic;
						TestTargetID = 884C37D41FDEAA88001EDAE1;
					};
					884C37F61FDEAA88001EDAE1 = {
						CreatedOnToolsVersion = 9.1;
						ProvisioningStyle = Automatic;
						TestTargetID = 884C37D41FDEAA88001EDAE1;
					};
				};
			};
			buildConfigurationList = 884C37D01FDEAA88001EDAE1 /* Build configuration list for PBXProject "NewMLCubeIOS" */;
			compatibilityVersion = "Xcode 8.0";
			developmentRegion = en;
			hasScannedForEncodings = 0;
			knownRegions = (
				en,
				Base,
			);
			mainGroup = 884C37CC1FDEAA88001EDAE1;
			productRefGroup = 884C37D61FDEAA88001EDAE1 /* Products */;
			projectDirPath = "";
			projectRoot = "";
			targets = (
				884C37D41FDEAA88001EDAE1 /* NewMLCubeIOS */,
				884C37EB1FDEAA88001EDAE1 /* NewMLCubeIOSTests */,
				884C37F61FDEAA88001EDAE1 /* NewMLCubeIOSUITests */,
			);
		};
/* End PBXProject section */

/* Begin PBXResourcesBuildPhase section */
		884C37D31FDEAA88001EDAE1 /* Resources */ = {
			isa = PBXResourcesBuildPhase;
			buildActionMask = 2147483647;
			files = (
				884C37E61FDEAA88001EDAE1 /* LaunchScreen.storyboard in Resources */,
				884C37E31FDEAA88001EDAE1 /* Assets.xcassets in Resources */,
				8834CB141FE006910027D166 /* Cartfile in Resources */,
				8834CB151FE006910027D166 /* Cartfile.resolved in Resources */,
				884C37DE1FDEAA88001EDAE1 /* Main.storyboard in Resources */,
			);
			runOnlyForDeploymentPostprocessing = 0;
		};
		884C37EA1FDEAA88001EDAE1 /* Resources */ = {
			isa = PBXResourcesBuildPhase;
			buildActionMask = 2147483647;
			files = (
			);
			runOnlyForDeploymentPostprocessing = 0;
		};
		884C37F51FDEAA88001EDAE1 /* Resources */ = {
			isa = PBXResourcesBuildPhase;
			buildActionMask = 2147483647;
			files = (
			);
			runOnlyForDeploymentPostprocessing = 0;
		};
/* End PBXResourcesBuildPhase section */

/* Begin PBXShellScriptBuildPhase section */
		8834CB0F1FE0043C0027D166 /* Run Script Carthage */ = {
			isa = PBXShellScriptBuildPhase;
			buildActionMask = 12;
			files = (
			);
			inputPaths = (
				"$(SRCROOT)/Carthage/Build/iOS/SnapKit.framework",
				"$(SRCROOT)/Carthage/Build/iOS/CocoaAsyncSocket.framework",
				"$(SRCROOT)/Carthage/Build/iOS/KissXML.framework",
				"$(SRCROOT)/Carthage/Build/iOS/XMPPFramework.framework",
				"$(SRCROOT)/Carthage/Build/iOS/CocoaLumberjackSwift.framework",
				"$(SRCROOT)/Carthage/Build/iOS/CocoaLumberjack.framework",
				"$(SRCROOT)/Carthage/Build/iOS/XMPPFramework.framework",
			);
			name = "Run Script Carthage";
			outputPaths = (
			);
			runOnlyForDeploymentPostprocessing = 0;
			shellPath = /bin/sh;
			shellScript = "/usr/local/bin/carthage copy-frameworks";
		};
/* End PBXShellScriptBuildPhase section */

/* Begin PBXSourcesBuildPhase section */
		884C37D11FDEAA88001EDAE1 /* Sources */ = {
			isa = PBXSourcesBuildPhase;
			buildActionMask = 2147483647;
			files = (
				8834CB191FE0BBE10027D166 /* LCOtherTableVIewFooterView.swift in Sources */,
				8834CB171FE0BBC20027D166 /* LCOtherTableVIewHeader.swift in Sources */,
				884C37D91FDEAA88001EDAE1 /* AppDelegate.swift in Sources */,
				884C38161FDEB7BB001EDAE1 /* LCTabBarController.swift in Sources */,
				884C38201FDEBC33001EDAE1 /* LCOtherViewController.swift in Sources */,
				884C381D1FDEB9C6001EDAE1 /* LCDeviceViewController.swift in Sources */,
				8850F16B1FDFF27200F2847A /* LCOtherTableViewCell.swift in Sources */,
				8834CB1E1FE0C64C0027D166 /* HeadFile.swift in Sources */,
				884C381B1FDEB915001EDAE1 /* LCNavigationController.swift in Sources */,
				884C38221FDEC391001EDAE1 /* LCQuitViewController.swift in Sources */,
				8834CB211FE0CA070027D166 /* Macros.swift in Sources */,
				884C37E11FDEAA88001EDAE1 /* NewMLCubeIOS.xcdatamodeld in Sources */,
				884C38191FDEB870001EDAE1 /* LCViewController.swift in Sources */,
			);
			runOnlyForDeploymentPostprocessing = 0;
		};
		884C37E81FDEAA88001EDAE1 /* Sources */ = {
			isa = PBXSourcesBuildPhase;
			buildActionMask = 2147483647;
			files = (
				884C37F11FDEAA88001EDAE1 /* NewMLCubeIOSTests.swift in Sources */,
			);
			runOnlyForDeploymentPostprocessing = 0;
		};
		884C37F31FDEAA88001EDAE1 /* Sources */ = {
			isa = PBXSourcesBuildPhase;
			buildActionMask = 2147483647;
			files = (
				884C37FC1FDEAA88001EDAE1 /* NewMLCubeIOSUITests.swift in Sources */,
			);
			runOnlyForDeploymentPostprocessing = 0;
		};
/* End PBXSourcesBuildPhase section */

/* Begin PBXTargetDependency section */
		884C37EE1FDEAA88001EDAE1 /* PBXTargetDependency */ = {
			isa = PBXTargetDependency;
			target = 884C37D41FDEAA88001EDAE1 /* NewMLCubeIOS */;
			targetProxy = 884C37ED1FDEAA88001EDAE1 /* PBXContainerItemProxy */;
		};
		884C37F91FDEAA88001EDAE1 /* PBXTargetDependency */ = {
			isa = PBXTargetDependency;
			target = 884C37D41FDEAA88001EDAE1 /* NewMLCubeIOS */;
			targetProxy = 884C37F81FDEAA88001EDAE1 /* PBXContainerItemProxy */;
		};
/* End PBXTargetDependency section */

/* Begin PBXVariantGroup section */
		884C37DC1FDEAA88001EDAE1 /* Main.storyboard */ = {
			isa = PBXVariantGroup;
			children = (
				884C37DD1FDEAA88001EDAE1 /* Base */,
			);
			name = Main.storyboard;
			sourceTree = "<group>";
		};
		884C37E41FDEAA88001EDAE1 /* LaunchScreen.storyboard */ = {
			isa = PBXVariantGroup;
			children = (
				884C37E51FDEAA88001EDAE1 /* Base */,
			);
			name = LaunchScreen.storyboard;
			sourceTree = "<group>";
		};
/* End PBXVariantGroup section */

/* Begin XCBuildConfiguration section */
		884C37FE1FDEAA88001EDAE1 /* Debug */ = {
			isa = XCBuildConfiguration;
			buildSettings = {
				ALWAYS_SEARCH_USER_PATHS = NO;
				CLANG_ANALYZER_NONNULL = YES;
				CLANG_ANALYZER_NUMBER_OBJECT_CONVERSION = YES_AGGRESSIVE;
				CLANG_CXX_LANGUAGE_STANDARD = "gnu++14";
				CLANG_CXX_LIBRARY = "libc++";
				CLANG_ENABLE_MODULES = YES;
				CLANG_ENABLE_OBJC_ARC = YES;
				CLANG_WARN_BLOCK_CAPTURE_AUTORELEASING = YES;
				CLANG_WARN_BOOL_CONVERSION = YES;
				CLANG_WARN_COMMA = YES;
				CLANG_WARN_CONSTANT_CONVERSION = YES;
				CLANG_WARN_DIRECT_OBJC_ISA_USAGE = YES_ERROR;
				CLANG_WARN_DOCUMENTATION_COMMENTS = YES;
				CLANG_WARN_EMPTY_BODY = YES;
				CLANG_WARN_ENUM_CONVERSION = YES;
				CLANG_WARN_INFINITE_RECURSION = YES;
				CLANG_WARN_INT_CONVERSION = YES;
				CLANG_WARN_NON_LITERAL_NULL_CONVERSION = YES;
				CLANG_WARN_OBJC_LITERAL_CONVERSION = YES;
				CLANG_WARN_OBJC_ROOT_CLASS = YES_ERROR;
				CLANG_WARN_RANGE_LOOP_ANALYSIS = YES;
				CLANG_WARN_STRICT_PROTOTYPES = YES;
				CLANG_WARN_SUSPICIOUS_MOVE = YES;
				CLANG_WARN_UNGUARDED_AVAILABILITY = YES_AGGRESSIVE;
				CLANG_WARN_UNREACHABLE_CODE = YES;
				CLANG_WARN__DUPLICATE_METHOD_MATCH = YES;
				CODE_SIGN_IDENTITY = "iPhone Developer";
				COPY_PHASE_STRIP = NO;
				DEBUG_INFORMATION_FORMAT = dwarf;
				ENABLE_STRICT_OBJC_MSGSEND = YES;
				ENABLE_TESTABILITY = YES;
				GCC_C_LANGUAGE_STANDARD = gnu11;
				GCC_DYNAMIC_NO_PIC = NO;
				GCC_NO_COMMON_BLOCKS = YES;
				GCC_OPTIMIZATION_LEVEL = 0;
				GCC_PREPROCESSOR_DEFINITIONS = (
					"DEBUG=1",
					"$(inherited)",
				);
				GCC_WARN_64_TO_32_BIT_CONVERSION = YES;
				GCC_WARN_ABOUT_RETURN_TYPE = YES_ERROR;
				GCC_WARN_UNDECLARED_SELECTOR = YES;
				GCC_WARN_UNINITIALIZED_AUTOS = YES_AGGRESSIVE;
				GCC_WARN_UNUSED_FUNCTION = YES;
				GCC_WARN_UNUSED_VARIABLE = YES;
				IPHONEOS_DEPLOYMENT_TARGET = 11.1;
				MTL_ENABLE_DEBUG_INFO = YES;
				ONLY_ACTIVE_ARCH = YES;
				SDKROOT = iphoneos;
				SWIFT_ACTIVE_COMPILATION_CONDITIONS = DEBUG;
				SWIFT_OPTIMIZATION_LEVEL = "-Onone";
			};
			name = Debug;
		};
		884C37FF1FDEAA88001EDAE1 /* Release */ = {
			isa = XCBuildConfiguration;
			buildSettings = {
				ALWAYS_SEARCH_USER_PATHS = NO;
				CLANG_ANALYZER_NONNULL = YES;
				CLANG_ANALYZER_NUMBER_OBJECT_CONVERSION = YES_AGGRESSIVE;
				CLANG_CXX_LANGUAGE_STANDARD = "gnu++14";
				CLANG_CXX_LIBRARY = "libc++";
				CLANG_ENABLE_MODULES = YES;
				CLANG_ENABLE_OBJC_ARC = YES;
				CLANG_WARN_BLOCK_CAPTURE_AUTORELEASING = YES;
				CLANG_WARN_BOOL_CONVERSION = YES;
				CLANG_WARN_COMMA = YES;
				CLANG_WARN_CONSTANT_CONVERSION = YES;
				CLANG_WARN_DIRECT_OBJC_ISA_USAGE = YES_ERROR;
				CLANG_WARN_DOCUMENTATION_COMMENTS = YES;
				CLANG_WARN_EMPTY_BODY = YES;
				CLANG_WARN_ENUM_CONVERSION = YES;
				CLANG_WARN_INFINITE_RECURSION = YES;
				CLANG_WARN_INT_CONVERSION = YES;
				CLANG_WARN_NON_LITERAL_NULL_CONVERSION = YES;
				CLANG_WARN_OBJC_LITERAL_CONVERSION = YES;
				CLANG_WARN_OBJC_ROOT_CLASS = YES_ERROR;
				CLANG_WARN_RANGE_LOOP_ANALYSIS = YES;
				CLANG_WARN_STRICT_PROTOTYPES = YES;
				CLANG_WARN_SUSPICIOUS_MOVE = YES;
				CLANG_WARN_UNGUARDED_AVAILABILITY = YES_AGGRESSIVE;
				CLANG_WARN_UNREACHABLE_CODE = YES;
				CLANG_WARN__DUPLICATE_METHOD_MATCH = YES;
				CODE_SIGN_IDENTITY = "iPhone Developer";
				COPY_PHASE_STRIP = NO;
				DEBUG_INFORMATION_FORMAT = "dwarf-with-dsym";
				ENABLE_NS_ASSERTIONS = NO;
				ENABLE_STRICT_OBJC_MSGSEND = YES;
				GCC_C_LANGUAGE_STANDARD = gnu11;
				GCC_NO_COMMON_BLOCKS = YES;
				GCC_WARN_64_TO_32_BIT_CONVERSION = YES;
				GCC_WARN_ABOUT_RETURN_TYPE = YES_ERROR;
				GCC_WARN_UNDECLARED_SELECTOR = YES;
				GCC_WARN_UNINITIALIZED_AUTOS = YES_AGGRESSIVE;
				GCC_WARN_UNUSED_FUNCTION = YES;
				GCC_WARN_UNUSED_VARIABLE = YES;
				IPHONEOS_DEPLOYMENT_TARGET = 11.1;
				MTL_ENABLE_DEBUG_INFO = NO;
				SDKROOT = iphoneos;
				SWIFT_OPTIMIZATION_LEVEL = "-Owholemodule";
				VALIDATE_PRODUCT = YES;
			};
			name = Release;
		};
		884C38011FDEAA88001EDAE1 /* Debug */ = {
			isa = XCBuildConfiguration;
			buildSettings = {
				ASSETCATALOG_COMPILER_APPICON_NAME = AppIcon;
				"CODE_SIGN_IDENTITY[sdk=iphoneos*]" = "iPhone Developer";
				CODE_SIGN_STYLE = Automatic;
				DEVELOPMENT_TEAM = YJ8FL99K5N;
				FRAMEWORK_SEARCH_PATHS = (
					"$(inherited)",
					"$(PROJECT_DIR)/Carthage/Build/iOS",
				);
				INFOPLIST_FILE = NewMLCubeIOS/Config/Info.plist;
				IPHONEOS_DEPLOYMENT_TARGET = 8.0;
				LD_RUNPATH_SEARCH_PATHS = "$(inherited) @executable_path/Frameworks";
				PRODUCT_BUNDLE_IDENTIFIER = MirrorLift.NewMLCubeIOS;
				PRODUCT_NAME = "$(TARGET_NAME)";
				PROVISIONING_PROFILE_SPECIFIER = "";
				SWIFT_VERSION = 4.0;
				TARGETED_DEVICE_FAMILY = "1,2";
			};
			name = Debug;
		};
		884C38021FDEAA88001EDAE1 /* Release */ = {
			isa = XCBuildConfiguration;
			buildSettings = {
				ASSETCATALOG_COMPILER_APPICON_NAME = AppIcon;
				"CODE_SIGN_IDENTITY[sdk=iphoneos*]" = "iPhone Developer";
				CODE_SIGN_STYLE = Automatic;
				DEVELOPMENT_TEAM = YJ8FL99K5N;
				FRAMEWORK_SEARCH_PATHS = (
					"$(inherited)",
					"$(PROJECT_DIR)/Carthage/Build/iOS",
				);
				INFOPLIST_FILE = NewMLCubeIOS/Config/Info.plist;
				IPHONEOS_DEPLOYMENT_TARGET = 8.0;
				LD_RUNPATH_SEARCH_PATHS = "$(inherited) @executable_path/Frameworks";
				PRODUCT_BUNDLE_IDENTIFIER = MirrorLift.NewMLCubeIOS;
				PRODUCT_NAME = "$(TARGET_NAME)";
				PROVISIONING_PROFILE_SPECIFIER = "";
				SWIFT_VERSION = 4.0;
				TARGETED_DEVICE_FAMILY = "1,2";
			};
			name = Release;
		};
		884C38041FDEAA88001EDAE1 /* Debug */ = {
			isa = XCBuildConfiguration;
			buildSettings = {
				ALWAYS_EMBED_SWIFT_STANDARD_LIBRARIES = YES;
				BUNDLE_LOADER = "$(TEST_HOST)";
				CODE_SIGN_STYLE = Automatic;
				DEVELOPMENT_TEAM = YJ8FL99K5N;
				INFOPLIST_FILE = NewMLCubeIOSTests/Info.plist;
				LD_RUNPATH_SEARCH_PATHS = "$(inherited) @executable_path/Frameworks @loader_path/Frameworks";
				PRODUCT_BUNDLE_IDENTIFIER = MirrorLift.NewMLCubeIOSTests;
				PRODUCT_NAME = "$(TARGET_NAME)";
				SWIFT_VERSION = 4.0;
				TARGETED_DEVICE_FAMILY = "1,2";
				TEST_HOST = "$(BUILT_PRODUCTS_DIR)/NewMLCubeIOS.app/NewMLCubeIOS";
			};
			name = Debug;
		};
		884C38051FDEAA88001EDAE1 /* Release */ = {
			isa = XCBuildConfiguration;
			buildSettings = {
				ALWAYS_EMBED_SWIFT_STANDARD_LIBRARIES = YES;
				BUNDLE_LOADER = "$(TEST_HOST)";
				CODE_SIGN_STYLE = Automatic;
				DEVELOPMENT_TEAM = YJ8FL99K5N;
				INFOPLIST_FILE = NewMLCubeIOSTests/Info.plist;
				LD_RUNPATH_SEARCH_PATHS = "$(inherited) @executable_path/Frameworks @loader_path/Frameworks";
				PRODUCT_BUNDLE_IDENTIFIER = MirrorLift.NewMLCubeIOSTests;
				PRODUCT_NAME = "$(TARGET_NAME)";
				SWIFT_VERSION = 4.0;
				TARGETED_DEVICE_FAMILY = "1,2";
				TEST_HOST = "$(BUILT_PRODUCTS_DIR)/NewMLCubeIOS.app/NewMLCubeIOS";
			};
			name = Release;
		};
		884C38071FDEAA88001EDAE1 /* Debug */ = {
			isa = XCBuildConfiguration;
			buildSettings = {
				ALWAYS_EMBED_SWIFT_STANDARD_LIBRARIES = YES;
				CODE_SIGN_STYLE = Automatic;
				DEVELOPMENT_TEAM = YJ8FL99K5N;
				INFOPLIST_FILE = NewMLCubeIOSUITests/Info.plist;
				LD_RUNPATH_SEARCH_PATHS = "$(inherited) @executable_path/Frameworks @loader_path/Frameworks";
				PRODUCT_BUNDLE_IDENTIFIER = MirrorLift.NewMLCubeIOSUITests;
				PRODUCT_NAME = "$(TARGET_NAME)";
				SWIFT_VERSION = 4.0;
				TARGETED_DEVICE_FAMILY = "1,2";
				TEST_TARGET_NAME = NewMLCubeIOS;
			};
			name = Debug;
		};
		884C38081FDEAA88001EDAE1 /* Release */ = {
			isa = XCBuildConfiguration;
			buildSettings = {
				ALWAYS_EMBED_SWIFT_STANDARD_LIBRARIES = YES;
				CODE_SIGN_STYLE = Automatic;
				DEVELOPMENT_TEAM = YJ8FL99K5N;
				INFOPLIST_FILE = NewMLCubeIOSUITests/Info.plist;
				LD_RUNPATH_SEARCH_PATHS = "$(inherited) @executable_path/Frameworks @loader_path/Frameworks";
				PRODUCT_BUNDLE_IDENTIFIER = MirrorLift.NewMLCubeIOSUITests;
				PRODUCT_NAME = "$(TARGET_NAME)";
				SWIFT_VERSION = 4.0;
				TARGETED_DEVICE_FAMILY = "1,2";
				TEST_TARGET_NAME = NewMLCubeIOS;
			};
			name = Release;
		};
/* End XCBuildConfiguration section */

/* Begin XCConfigurationList section */
		884C37D01FDEAA88001EDAE1 /* Build configuration list for PBXProject "NewMLCubeIOS" */ = {
			isa = XCConfigurationList;
			buildConfigurations = (
				884C37FE1FDEAA88001EDAE1 /* Debug */,
				884C37FF1FDEAA88001EDAE1 /* Release */,
			);
			defaultConfigurationIsVisible = 0;
			defaultConfigurationName = Release;
		};
		884C38001FDEAA88001EDAE1 /* Build configuration list for PBXNativeTarget "NewMLCubeIOS" */ = {
			isa = XCConfigurationList;
			buildConfigurations = (
				884C38011FDEAA88001EDAE1 /* Debug */,
				884C38021FDEAA88001EDAE1 /* Release */,
			);
			defaultConfigurationIsVisible = 0;
			defaultConfigurationName = Release;
		};
		884C38031FDEAA88001EDAE1 /* Build configuration list for PBXNativeTarget "NewMLCubeIOSTests" */ = {
			isa = XCConfigurationList;
			buildConfigurations = (
				884C38041FDEAA88001EDAE1 /* Debug */,
				884C38051FDEAA88001EDAE1 /* Release */,
			);
			defaultConfigurationIsVisible = 0;
			defaultConfigurationName = Release;
		};
		884C38061FDEAA88001EDAE1 /* Build configuration list for PBXNativeTarget "NewMLCubeIOSUITests" */ = {
			isa = XCConfigurationList;
			buildConfigurations = (
				884C38071FDEAA88001EDAE1 /* Debug */,
				884C38081FDEAA88001EDAE1 /* Release */,
			);
			defaultConfigurationIsVisible = 0;
			defaultConfigurationName = Release;
		};
/* End XCConfigurationList section */

/* Begin XCVersionGroup section */
		884C37DF1FDEAA88001EDAE1 /* NewMLCubeIOS.xcdatamodeld */ = {
			isa = XCVersionGroup;
			children = (
				884C37E01FDEAA88001EDAE1 /* NewMLCubeIOS.xcdatamodel */,
			);
			currentVersion = 884C37E01FDEAA88001EDAE1 /* NewMLCubeIOS.xcdatamodel */;
			path = NewMLCubeIOS.xcdatamodeld;
			sourceTree = "<group>";
			versionGroupType = wrapper.xcdatamodel;
		};
/* End XCVersionGroup section */
	};
	rootObject = 884C37CD1FDEAA88001EDAE1 /* Project object */;
}
